
Microsoft Visual Studio Solution File, Format Version 12.00
# Visual Studio Version 17
VisualStudioVersion = 17.14.35906.104 d17.14
MinimumVisualStudioVersion = 10.0.40219.1
Project("{FAE04EC0-301F-11D3-BF4B-00C04F79EFBC}") = "RentalAdmin", "RentalAdmin\RentalAdmin.csproj", "{CD6BA50E-1558-49CF-B043-08F56F790E2D}"
EndProject
Global
	GlobalSection(SolutionConfigurationPlatforms) = preSolution
		Debug|Any CPU = Debug|Any CPU
		Release|Any CPU = Release|Any CPU
	EndGlobalSection
	GlobalSection(ProjectConfigurationPlatforms) = postSolution
		{CD6BA50E-1558-49CF-B043-08F56F790E2D}.Debug|Any CPU.ActiveCfg = Debug|Any CPU
		{CD6BA50E-1558-49CF-B043-08F56F790E2D}.Debug|Any CPU.Build.0 = Debug|Any CPU
		{CD6BA50E-1558-49CF-B043-08F56F790E2D}.Release|Any CPU.ActiveCfg = Release|Any CPU
		{CD6BA50E-1558-49CF-B043-08F56F790E2D}.Release|Any CPU.Build.0 = Release|Any CPU
	EndGlobalSection
	GlobalSection(SolutionProperties) = preSolution
		HideSolutionNode = FALSE
	EndGlobalSection
	GlobalSection(ExtensibilityGlobals) = postSolution
		SolutionGuid = {073743A0-6DA6-47FA-A1C6-9900DD383343}
	EndGlobalSection
EndGlobal
